
Microsoft Visual Studio Solution File, Format Version 12.00
# Visual Studio Version 17
VisualStudioVersion = 17.0.31903.59
MinimumVisualStudioVersion = 10.0.40219.1
Project("{2150E333-8FDC-42A3-9474-1A3956D46DE8}") = "apps", "apps", "{1787FE1D-075E-9E68-7218-25F1BD1BBEAB}"
EndProject
Project("{2150E333-8FDC-42A3-9474-1A3956D46DE8}") = "api", "api", "{BC2D172B-13BC-136C-CDB1-4B1A687208C4}"
EndProject
Project("{FAE04EC0-301F-11D3-BF4B-00C04F79EFBC}") = "ModelaFlow.Api", "apps\api\ModelaFlow.Api.csproj", "{B92C95D3-E197-49BD-BDD5-1DC1710E1DC9}"
EndProject
Project("{2150E333-8FDC-42A3-9474-1A3956D46DE8}") = "packages", "packages", "{809F86A1-1C4C-B159-0CD4-DF9D33D876CE}"
EndProject
Project("{2150E333-8FDC-42A3-9474-1A3956D46DE8}") = "pattern-core", "pattern-core", "{7BE539AD-0AB0-8296-16FD-0D2BC2A2E726}"
EndProject
Project("{FAE04EC0-301F-11D3-BF4B-00C04F79EFBC}") = "ModelaFlow.PatternCore", "packages\pattern-core\ModelaFlow.PatternCore.csproj", "{1BCDD8B6-7D67-4216-B588-B96674436179}"
EndProject
Project("{2150E333-8FDC-42A3-9474-1A3956D46DE8}") = "api.tests", "api.tests", "{1D5C7E48-FF9F-74B7-B83E-7915C1A6673D}"
EndProject
Project("{FAE04EC0-301F-11D3-BF4B-00C04F79EFBC}") = "ModelaFlow.Api.Tests", "apps\api.tests\ModelaFlow.Api.Tests.csproj", "{DDE88227-4317-4680-9FD5-28EA420EF16C}"
EndProject
Project("{2150E333-8FDC-42A3-9474-1A3956D46DE8}") = "pattern-core.tests", "pattern-core.tests", "{58F910A4-A6A9-0BFE-C004-2D23D62C27D4}"
EndProject
Project("{FAE04EC0-301F-11D3-BF4B-00C04F79EFBC}") = "ModelaFlow.PatternCore.Tests", "packages\pattern-core.tests\ModelaFlow.PatternCore.Tests.csproj", "{5DB20981-4E06-45D2-9B77-A3619164D0BB}"
EndProject
Project("{2150E333-8FDC-42A3-9474-1A3956D46DE8}") = "pattern-export", "pattern-export", "{40CAD5E5-CF0A-9F73-284C-B3F7E1F435C5}"
EndProject
Project("{FAE04EC0-301F-11D3-BF4B-00C04F79EFBC}") = "ModelaFlow.PatternExport", "packages\pattern-export\ModelaFlow.PatternExport.csproj", "{16CF7034-3506-46F0-A2A4-74C88C2E7F76}"
EndProject
Project("{2150E333-8FDC-42A3-9474-1A3956D46DE8}") = "pattern-export.tests", "pattern-export.tests", "{35A62BAB-7885-F29F-7A7A-6E22DC4DEE29}"
EndProject
Project("{FAE04EC0-301F-11D3-BF4B-00C04F79EFBC}") = "ModelaFlow.PatternExport.Tests", "packages\pattern-export.tests\ModelaFlow.PatternExport.Tests.csproj", "{EAAA0598-C196-405B-8A51-33D68E15A706}"
EndProject
Global
	GlobalSection(SolutionConfigurationPlatforms) = preSolution
		Debug|Any CPU = Debug|Any CPU
		Debug|x64 = Debug|x64
		Debug|x86 = Debug|x86
		Release|Any CPU = Release|Any CPU
		Release|x64 = Release|x64
		Release|x86 = Release|x86
	EndGlobalSection
	GlobalSection(ProjectConfigurationPlatforms) = postSolution
		{B92C95D3-E197-49BD-BDD5-1DC1710E1DC9}.Debug|Any CPU.ActiveCfg = Debug|Any CPU
		{B92C95D3-E197-49BD-BDD5-1DC1710E1DC9}.Debug|Any CPU.Build.0 = Debug|Any CPU
		{B92C95D3-E197-49BD-BDD5-1DC1710E1DC9}.Debug|x64.ActiveCfg = Debug|Any CPU
		{B92C95D3-E197-49BD-BDD5-1DC1710E1DC9}.Debug|x64.Build.0 = Debug|Any CPU
		{B92C95D3-E197-49BD-BDD5-1DC1710E1DC9}.Debug|x86.ActiveCfg = Debug|Any CPU
		{B92C95D3-E197-49BD-BDD5-1DC1710E1DC9}.Debug|x86.Build.0 = Debug|Any CPU
		{B92C95D3-E197-49BD-BDD5-1DC1710E1DC9}.Release|Any CPU.ActiveCfg = Release|Any CPU
		{B92C95D3-E197-49BD-BDD5-1DC1710E1DC9}.Release|Any CPU.Build.0 = Release|Any CPU
		{B92C95D3-E197-49BD-BDD5-1DC1710E1DC9}.Release|x64.ActiveCfg = Release|Any CPU
		{B92C95D3-E197-49BD-BDD5-1DC1710E1DC9}.Release|x64.Build.0 = Release|Any CPU
		{B92C95D3-E197-49BD-BDD5-1DC1710E1DC9}.Release|x86.ActiveCfg = Release|Any CPU
		{B92C95D3-E197-49BD-BDD5-1DC1710E1DC9}.Release|x86.Build.0 = Release|Any CPU
		{1BCDD8B6-7D67-4216-B588-B96674436179}.Debug|Any CPU.ActiveCfg = Debug|Any CPU
		{1BCDD8B6-7D67-4216-B588-B96674436179}.Debug|Any CPU.Build.0 = Debug|Any CPU
		{1BCDD8B6-7D67-4216-B588-B96674436179}.Debug|x64.ActiveCfg = Debug|Any CPU
		{1BCDD8B6-7D67-4216-B588-B96674436179}.Debug|x64.Build.0 = Debug|Any CPU
		{1BCDD8B6-7D67-4216-B588-B96674436179}.Debug|x86.ActiveCfg = Debug|Any CPU
		{1BCDD8B6-7D67-4216-B588-B96674436179}.Debug|x86.Build.0 = Debug|Any CPU
		{1BCDD8B6-7D67-4216-B588-B96674436179}.Release|Any CPU.ActiveCfg = Release|Any CPU
		{1BCDD8B6-7D67-4216-B588-B96674436179}.Release|Any CPU.Build.0 = Release|Any CPU
		{1BCDD8B6-7D67-4216-B588-B96674436179}.Release|x64.ActiveCfg = Release|Any CPU
		{1BCDD8B6-7D67-4216-B588-B96674436179}.Release|x64.Build.0 = Release|Any CPU
		{1BCDD8B6-7D67-4216-B588-B96674436179}.Release|x86.ActiveCfg = Release|Any CPU
		{1BCDD8B6-7D67-4216-B588-B96674436179}.Release|x86.Build.0 = Release|Any CPU
		{DDE88227-4317-4680-9FD5-28EA420EF16C}.Debug|Any CPU.ActiveCfg = Debug|Any CPU
		{DDE88227-4317-4680-9FD5-28EA420EF16C}.Debug|Any CPU.Build.0 = Debug|Any CPU
		{DDE88227-4317-4680-9FD5-28EA420EF16C}.Debug|x64.ActiveCfg = Debug|Any CPU
		{DDE88227-4317-4680-9FD5-28EA420EF16C}.Debug|x64.Build.0 = Debug|Any CPU
		{DDE88227-4317-4680-9FD5-28EA420EF16C}.Debug|x86.ActiveCfg = Debug|Any CPU
		{DDE88227-4317-4680-9FD5-28EA420EF16C}.Debug|x86.Build.0 = Debug|Any CPU
		{DDE88227-4317-4680-9FD5-28EA420EF16C}.Release|Any CPU.ActiveCfg = Release|Any CPU
		{DDE88227-4317-4680-9FD5-28EA420EF16C}.Release|Any CPU.Build.0 = Release|Any CPU
		{DDE88227-4317-4680-9FD5-28EA420EF16C}.Release|x64.ActiveCfg = Release|Any CPU
		{DDE88227-4317-4680-9FD5-28EA420EF16C}.Release|x64.Build.0 = Release|Any CPU
		{DDE88227-4317-4680-9FD5-28EA420EF16C}.Release|x86.ActiveCfg = Release|Any CPU
		{DDE88227-4317-4680-9FD5-28EA420EF16C}.Release|x86.Build.0 = Release|Any CPU
		{5DB20981-4E06-45D2-9B77-A3619164D0BB}.Debug|Any CPU.ActiveCfg = Debug|Any CPU
		{5DB20981-4E06-45D2-9B77-A3619164D0BB}.Debug|Any CPU.Build.0 = Debug|Any CPU
		{5DB20981-4E06-45D2-9B77-A3619164D0BB}.Debug|x64.ActiveCfg = Debug|Any CPU
		{5DB20981-4E06-45D2-9B77-A3619164D0BB}.Debug|x64.Build.0 = Debug|Any CPU
		{5DB20981-4E06-45D2-9B77-A3619164D0BB}.Debug|x86.ActiveCfg = Debug|Any CPU
		{5DB20981-4E06-45D2-9B77-A3619164D0BB}.Debug|x86.Build.0 = Debug|Any CPU
		{5DB20981-4E06-45D2-9B77-A3619164D0BB}.Release|Any CPU.ActiveCfg = Release|Any CPU
		{5DB20981-4E06-45D2-9B77-A3619164D0BB}.Release|Any CPU.Build.0 = Release|Any CPU
		{5DB20981-4E06-45D2-9B77-A3619164D0BB}.Release|x64.ActiveCfg = Release|Any CPU
		{5DB20981-4E06-45D2-9B77-A3619164D0BB}.Release|x64.Build.0 = Release|Any CPU
		{5DB20981-4E06-45D2-9B77-A3619164D0BB}.Release|x86.ActiveCfg = Release|Any CPU
		{5DB20981-4E06-45D2-9B77-A3619164D0BB}.Release|x86.Build.0 = Release|Any CPU
		{16CF7034-3506-46F0-A2A4-74C88C2E7F76}.Debug|Any CPU.ActiveCfg = Debug|Any CPU
		{16CF7034-3506-46F0-A2A4-74C88C2E7F76}.Debug|Any CPU.Build.0 = Debug|Any CPU
		{16CF7034-3506-46F0-A2A4-74C88C2E7F76}.Debug|x64.ActiveCfg = Debug|Any CPU
		{16CF7034-3506-46F0-A2A4-74C88C2E7F76}.Debug|x64.Build.0 = Debug|Any CPU
		{16CF7034-3506-46F0-A2A4-74C88C2E7F76}.Debug|x86.ActiveCfg = Debug|Any CPU
		{16CF7034-3506-46F0-A2A4-74C88C2E7F76}.Debug|x86.Build.0 = Debug|Any CPU
		{16CF7034-3506-46F0-A2A4-74C88C2E7F76}.Release|Any CPU.ActiveCfg = Release|Any CPU
		{16CF7034-3506-46F0-A2A4-74C88C2E7F76}.Release|Any CPU.Build.0 = Release|Any CPU
		{16CF7034-3506-46F0-A2A4-74C88C2E7F76}.Release|x64.ActiveCfg = Release|Any CPU
		{16CF7034-3506-46F0-A2A4-74C88C2E7F76}.Release|x64.Build.0 = Release|Any CPU
		{16CF7034-3506-46F0-A2A4-74C88C2E7F76}.Release|x86.ActiveCfg = Release|Any CPU
		{16CF7034-3506-46F0-A2A4-74C88C2E7F76}.Release|x86.Build.0 = Release|Any CPU
		{EAAA0598-C196-405B-8A51-33D68E15A706}.Debug|Any CPU.ActiveCfg = Debug|Any CPU
		{EAAA0598-C196-405B-8A51-33D68E15A706}.Debug|Any CPU.Build.0 = Debug|Any CPU
		{EAAA0598-C196-405B-8A51-33D68E15A706}.Debug|x64.ActiveCfg = Debug|Any CPU
		{EAAA0598-C196-405B-8A51-33D68E15A706}.Debug|x64.Build.0 = Debug|Any CPU
		{EAAA0598-C196-405B-8A51-33D68E15A706}.Debug|x86.ActiveCfg = Debug|Any CPU
		{EAAA0598-C196-405B-8A51-33D68E15A706}.Debug|x86.Build.0 = Debug|Any CPU
		{EAAA0598-C196-405B-8A51-33D68E15A706}.Release|Any CPU.ActiveCfg = Release|Any CPU
		{EAAA0598-C196-405B-8A51-33D68E15A706}.Release|Any CPU.Build.0 = Release|Any CPU
		{EAAA0598-C196-405B-8A51-33D68E15A706}.Release|x64.ActiveCfg = Release|Any CPU
		{EAAA0598-C196-405B-8A51-33D68E15A706}.Release|x64.Build.0 = Release|Any CPU
		{EAAA0598-C196-405B-8A51-33D68E15A706}.Release|x86.ActiveCfg = Release|Any CPU
		{EAAA0598-C196-405B-8A51-33D68E15A706}.Release|x86.Build.0 = Release|Any CPU
	EndGlobalSection
	GlobalSection(SolutionProperties) = preSolution
		HideSolutionNode = FALSE
	EndGlobalSection
	GlobalSection(NestedProjects) = preSolution
		{BC2D172B-13BC-136C-CDB1-4B1A687208C4} = {1787FE1D-075E-9E68-7218-25F1BD1BBEAB}
		{B92C95D3-E197-49BD-BDD5-1DC1710E1DC9} = {BC2D172B-13BC-136C-CDB1-4B1A687208C4}
		{7BE539AD-0AB0-8296-16FD-0D2BC2A2E726} = {809F86A1-1C4C-B159-0CD4-DF9D33D876CE}
		{1BCDD8B6-7D67-4216-B588-B96674436179} = {7BE539AD-0AB0-8296-16FD-0D2BC2A2E726}
		{1D5C7E48-FF9F-74B7-B83E-7915C1A6673D} = {1787FE1D-075E-9E68-7218-25F1BD1BBEAB}
		{DDE88227-4317-4680-9FD5-28EA420EF16C} = {1D5C7E48-FF9F-74B7-B83E-7915C1A6673D}
		{58F910A4-A6A9-0BFE-C004-2D23D62C27D4} = {809F86A1-1C4C-B159-0CD4-DF9D33D876CE}
		{5DB20981-4E06-45D2-9B77-A3619164D0BB} = {58F910A4-A6A9-0BFE-C004-2D23D62C27D4}
		{40CAD5E5-CF0A-9F73-284C-B3F7E1F435C5} = {809F86A1-1C4C-B159-0CD4-DF9D33D876CE}
		{16CF7034-3506-46F0-A2A4-74C88C2E7F76} = {40CAD5E5-CF0A-9F73-284C-B3F7E1F435C5}
		{35A62BAB-7885-F29F-7A7A-6E22DC4DEE29} = {809F86A1-1C4C-B159-0CD4-DF9D33D876CE}
		{EAAA0598-C196-405B-8A51-33D68E15A706} = {35A62BAB-7885-F29F-7A7A-6E22DC4DEE29}
	EndGlobalSection
EndGlobal
